// !$*UTF8*$!
{
	archiveVersion = 1;
	classes = {
	};
	objectVersion = 50;
	objects = {

/* Begin PBXBuildFile section */
		445DD18A271C32A700B700FD /* AppDelegate.swift in Sources */ = {isa = PBXBuildFile; fileRef = 445DD189271C32A700B700FD /* AppDelegate.swift */; };
		445DD18C271C32A700B700FD /* SceneDelegate.swift in Sources */ = {isa = PBXBuildFile; fileRef = 445DD18B271C32A700B700FD /* SceneDelegate.swift */; };
		445DD191271C32A700B700FD /* Main.storyboard in Resources */ = {isa = PBXBuildFile; fileRef = 445DD18F271C32A700B700FD /* Main.storyboard */; };
		445DD193271C32B100B700FD /* Assets.xcassets in Resources */ = {isa = PBXBuildFile; fileRef = 445DD192271C32B100B700FD /* Assets.xcassets */; };
		445DD196271C32B100B700FD /* LaunchScreen.storyboard in Resources */ = {isa = PBXBuildFile; fileRef = 445DD194271C32B100B700FD /* LaunchScreen.storyboard */; };
		445DD1A0271C3ACA00B700FD /* ListsViewController.swift in Sources */ = {isa = PBXBuildFile; fileRef = 445DD19F271C3ACA00B700FD /* ListsViewController.swift */; };
		445DD1A4271C645B00B700FD /* ItemClass.swift in Sources */ = {isa = PBXBuildFile; fileRef = 445DD1A3271C645B00B700FD /* ItemClass.swift */; };
		445DD1A7271C663800B700FD /* UserClass.swift in Sources */ = {isa = PBXBuildFile; fileRef = 445DD1A6271C663800B700FD /* UserClass.swift */; };
		445DD1AA271C871300B700FD /* GroceryListClass.swift in Sources */ = {isa = PBXBuildFile; fileRef = 445DD1A9271C871300B700FD /* GroceryListClass.swift */; };
		445DD1AD271C88FD00B700FD /* AppData.swift in Sources */ = {isa = PBXBuildFile; fileRef = 445DD1AC271C88FD00B700FD /* AppData.swift */; };
		445DD1B0271C8C5400B700FD /* PrepareFirstLists.swift in Sources */ = {isa = PBXBuildFile; fileRef = 445DD1AF271C8C5400B700FD /* PrepareFirstLists.swift */; };
		4497D44B27228AB100F04415 /* Convert.swift in Sources */ = {isa = PBXBuildFile; fileRef = 4497D44A27228AB000F04415 /* Convert.swift */; };
/* End PBXBuildFile section */

/* Begin PBXFileReference section */
		445DD186271C32A700B700FD /* todo list using firebase.app */ = {isa = PBXFileReference; explicitFileType = wrapper.application; includeInIndex = 0; path = "todo list using firebase.app"; sourceTree = BUILT_PRODUCTS_DIR; };
		445DD189271C32A700B700FD /* AppDelegate.swift */ = {isa = PBXFileReference; lastKnownFileType = sourcecode.swift; path = AppDelegate.swift; sourceTree = "<group>"; };
		445DD18B271C32A700B700FD /* SceneDelegate.swift */ = {isa = PBXFileReference; lastKnownFileType = sourcecode.swift; path = SceneDelegate.swift; sourceTree = "<group>"; };
		445DD190271C32A700B700FD /* Base */ = {isa = PBXFileReference; lastKnownFileType = file.storyboard; name = Base; path = Base.lproj/Main.storyboard; sourceTree = "<group>"; };
		445DD192271C32B100B700FD /* Assets.xcassets */ = {isa = PBXFileReference; lastKnownFileType = folder.assetcatalog; path = Assets.xcassets; sourceTree = "<group>"; };
		445DD195271C32B100B700FD /* Base */ = {isa = PBXFileReference; lastKnownFileType = file.storyboard; name = Base; path = Base.lproj/LaunchScreen.storyboard; sourceTree = "<group>"; };
		445DD197271C32B100B700FD /* Info.plist */ = {isa = PBXFileReference; lastKnownFileType = text.plist.xml; path = Info.plist; sourceTree = "<group>"; };
		445DD19F271C3ACA00B700FD /* ListsViewController.swift */ = {isa = PBXFileReference; lastKnownFileType = sourcecode.swift; path = ListsViewController.swift; sourceTree = "<group>"; };
		445DD1A3271C645B00B700FD /* ItemClass.swift */ = {isa = PBXFileReference; lastKnownFileType = sourcecode.swift; path = ItemClass.swift; sourceTree = "<group>"; };
		445DD1A6271C663800B700FD /* UserClass.swift */ = {isa = PBXFileReference; lastKnownFileType = sourcecode.swift; path = UserClass.swift; sourceTree = "<group>"; };
		445DD1A9271C871300B700FD /* GroceryListClass.swift */ = {isa = PBXFileReference; lastKnownFileType = sourcecode.swift; path = GroceryListClass.swift; sourceTree = "<group>"; };
		445DD1AC271C88FD00B700FD /* AppData.swift */ = {isa = PBXFileReference; lastKnownFileType = sourcecode.swift; path = AppData.swift; sourceTree = "<group>"; };
		445DD1AF271C8C5400B700FD /* PrepareFirstLists.swift */ = {isa = PBXFileReference; lastKnownFileType = sourcecode.swift; path = PrepareFirstLists.swift; sourceTree = "<group>"; };
		4497D44A27228AB000F04415 /* Convert.swift */ = {isa = PBXFileReference; lastKnownFileType = sourcecode.swift; path = Convert.swift; sourceTree = "<group>"; };
/* End PBXFileReference section */

/* Begin PBXFrameworksBuildPhase section */
		445DD183271C32A700B700FD /* Frameworks */ = {
			isa = PBXFrameworksBuildPhase;
			buildActionMask = 2147483647;
			files = (
			);
			runOnlyForDeploymentPostprocessing = 0;
		};
/* End PBXFrameworksBuildPhase section */

/* Begin PBXGroup section */
		445DD17D271C32A600B700FD = {
			isa = PBXGroup;
			children = (
				445DD188271C32A700B700FD /* todo list using firebase */,
				445DD187271C32A700B700FD /* Products */,
			);
			sourceTree = "<group>";
		};
		445DD187271C32A700B700FD /* Products */ = {
			isa = PBXGroup;
			children = (
				445DD186271C32A700B700FD /* todo list using firebase.app */,
			);
			name = Products;
			sourceTree = "<group>";
		};
		445DD188271C32A700B700FD /* todo list using firebase */ = {
			isa = PBXGroup;
			children = (
				445DD189271C32A700B700FD /* AppDelegate.swift */,
				445DD18B271C32A700B700FD /* SceneDelegate.swift */,
				445DD18F271C32A700B700FD /* Main.storyboard */,
				445DD19F271C3ACA00B700FD /* ListsViewController.swift */,
				445DD1A3271C645B00B700FD /* ItemClass.swift */,
				445DD1A9271C871300B700FD /* GroceryListClass.swift */,
				445DD1A6271C663800B700FD /* UserClass.swift */,
				4497D44A27228AB000F04415 /* Convert.swift */,
				445DD1AC271C88FD00B700FD /* AppData.swift */,
				445DD1AF271C8C5400B700FD /* PrepareFirstLists.swift */,
				445DD192271C32B100B700FD /* Assets.xcassets */,
				445DD194271C32B100B700FD /* LaunchScreen.storyboard */,
				445DD197271C32B100B700FD /* Info.plist */,
			);
			path = "todo list using firebase";
			sourceTree = "<group>";
		};
/* End PBXGroup section */

/* Begin PBXNativeTarget section */
		445DD185271C32A700B700FD /* todo list using firebase */ = {
			isa = PBXNativeTarget;
			buildConfigurationList = 445DD19A271C32B100B700FD /* Build configuration list for PBXNativeTarget "todo list using firebase" */;
			buildPhases = (
				445DD182271C32A700B700FD /* Sources */,
				445DD183271C32A700B700FD /* Frameworks */,
				445DD184271C32A700B700FD /* Resources */,
			);
			buildRules = (
			);
			dependencies = (
			);
			name = "todo list using firebase";
			productName = "todo list using firebase";
			productReference = 445DD186271C32A700B700FD /* todo list using firebase.app */;
			productType = "com.apple.product-type.application";
		};
/* End PBXNativeTarget section */

/* Begin PBXProject section */
		445DD17E271C32A700B700FD /* Project object */ = {
			isa = PBXProject;
			attributes = {
				LastSwiftUpdateCheck = 1240;
				LastUpgradeCheck = 1240;
				TargetAttributes = {
					445DD185271C32A700B700FD = {
						CreatedOnToolsVersion = 12.4;
					};
				};
			};
			buildConfigurationList = 445DD181271C32A700B700FD /* Build configuration list for PBXProject "todo list using firebase" */;
			compatibilityVersion = "Xcode 9.3";
			developmentRegion = en;
			hasScannedForEncodings = 0;
			knownRegions = (
				en,
				Base,
			);
			mainGroup = 445DD17D271C32A600B700FD;
			productRefGroup = 445DD187271C32A700B700FD /* Products */;
			projectDirPath = "";
			projectRoot = "";
			targets = (
				445DD185271C32A700B700FD /* todo list using firebase */,
			);
		};
/* End PBXProject section */

/* Begin PBXResourcesBuildPhase section */
		445DD184271C32A700B700FD /* Resources */ = {
			isa = PBXResourcesBuildPhase;
			buildActionMask = 2147483647;
			files = (
				445DD196271C32B100B700FD /* LaunchScreen.storyboard in Resources */,
				445DD193271C32B100B700FD /* Assets.xcassets in Resources */,
				445DD191271C32A700B700FD /* Main.storyboard in Resources */,
			);
			runOnlyForDeploymentPostprocessing = 0;
		};
/* End PBXResourcesBuildPhase section */

/* Begin PBXSourcesBuildPhase section */
		445DD182271C32A700B700FD /* Sources */ = {
			isa = PBXSourcesBuildPhase;
			buildActionMask = 2147483647;
			files = (
				445DD1B0271C8C5400B700FD /* PrepareFirstLists.swift in Sources */,
				4497D44B27228AB100F04415 /* Convert.swift in Sources */,
				445DD1A7271C663800B700FD /* UserClass.swift in Sources */,
				445DD18A271C32A700B700FD /* AppDelegate.swift in Sources */,
				445DD1A0271C3ACA00B700FD /* ListsViewController.swift in Sources */,
				445DD18C271C32A700B700FD /* SceneDelegate.swift in Sources */,
				445DD1AA271C871300B700FD /* GroceryListClass.swift in Sources */,
				445DD1A4271C645B00B700FD /* ItemClass.swift in Sources */,
				445DD1AD271C88FD00B700FD /* AppData.swift in Sources */,
			);
			runOnlyForDeploymentPostprocessing = 0;
		};
/* End PBXSourcesBuildPhase section */

/* Begin PBXVariantGroup section */
		445DD18F271C32A700B700FD /* Main.storyboard */ = {
			isa = PBXVariantGroup;
			children = (
				445DD190271C32A700B700FD /* Base */,
			);
			name = Main.storyboard;
			sourceTree = "<group>";
		};
		445DD194271C32B100B700FD /* LaunchScreen.storyboard */ = {
			isa = PBXVariantGroup;
			children = (
				445DD195271C32B100B700FD /* Base */,
			);
			name = LaunchScreen.storyboard;
			sourceTree = "<group>";
		};
/* End PBXVariantGroup section */

/* Begin XCBuildConfiguration section */
		445DD198271C32B100B700FD /* Debug */ = {
			isa = XCBuildConfiguration;
			buildSettings = {
				ALWAYS_SEARCH_USER_PATHS = NO;
				CLANG_ANALYZER_NONNULL = YES;
				CLANG_ANALYZER_NUMBER_OBJECT_CONVERSION = YES_AGGRESSIVE;
				CLANG_CXX_LANGUAGE_STANDARD = "gnu++14";
				CLANG_CXX_LIBRARY = "libc++";
				CLANG_ENABLE_MODULES = YES;
				CLANG_ENABLE_OBJC_ARC = YES;
				CLANG_ENABLE_OBJC_WEAK = YES;
				CLANG_WARN_BLOCK_CAPTURE_AUTORELEASING = YES;
				CLANG_WARN_BOOL_CONVERSION = YES;
				CLANG_WARN_COMMA = YES;
				CLANG_WARN_CONSTANT_CONVERSION = YES;
				CLANG_WARN_DEPRECATED_OBJC_IMPLEMENTATIONS = YES;
				CLANG_WARN_DIRECT_OBJC_ISA_USAGE = YES_ERROR;
				CLANG_WARN_DOCUMENTATION_COMMENTS = YES;
				CLANG_WARN_EMPTY_BODY = YES;
				CLANG_WARN_ENUM_CONVERSION = YES;
				CLANG_WARN_INFINITE_RECURSION = YES;
				CLANG_WARN_INT_CONVERSION = YES;
				CLANG_WARN_NON_LITERAL_NULL_CONVERSION = YES;
				CLANG_WARN_OBJC_IMPLICIT_RETAIN_SELF = YES;
				CLANG_WARN_OBJC_LITERAL_CONVERSION = YES;
				CLANG_WARN_OBJC_ROOT_CLASS = YES_ERROR;
				CLANG_WARN_QUOTED_INCLUDE_IN_FRAMEWORK_HEADER = YES;
				CLANG_WARN_RANGE_LOOP_ANALYSIS = YES;
				CLANG_WARN_STRICT_PROTOTYPES = YES;
				CLANG_WARN_SUSPICIOUS_MOVE = YES;
				CLANG_WARN_UNGUARDED_AVAILABILITY = YES_AGGRESSIVE;
				CLANG_WARN_UNREACHABLE_CODE = YES;
				CLANG_WARN__DUPLICATE_METHOD_MATCH = YES;
				COPY_PHASE_STRIP = NO;
				DEBUG_INFORMATION_FORMAT = dwarf;
				ENABLE_STRICT_OBJC_MSGSEND = YES;
				ENABLE_TESTABILITY = YES;
				GCC_C_LANGUAGE_STANDARD = gnu11;
				GCC_DYNAMIC_NO_PIC = NO;
				GCC_NO_COMMON_BLOCKS = YES;
				GCC_OPTIMIZATION_LEVEL = 0;
				GCC_PREPROCESSOR_DEFINITIONS = (
					"DEBUG=1",
					"$(inherited)",
				);
				GCC_WARN_64_TO_32_BIT_CONVERSION = YES;
				GCC_WARN_ABOUT_RETURN_TYPE = YES_ERROR;
				GCC_WARN_UNDECLARED_SELECTOR = YES;
				GCC_WARN_UNINITIALIZED_AUTOS = YES_AGGRESSIVE;
				GCC_WARN_UNUSED_FUNCTION = YES;
				GCC_WARN_UNUSED_VARIABLE = YES;
				IPHONEOS_DEPLOYMENT_TARGET = 14.4;
				MTL_ENABLE_DEBUG_INFO = INCLUDE_SOURCE;
				MTL_FAST_MATH = YES;
				ONLY_ACTIVE_ARCH = YES;
				SDKROOT = iphoneos;
				SWIFT_ACTIVE_COMPILATION_CONDITIONS = DEBUG;
				SWIFT_OPTIMIZATION_LEVEL = "-Onone";
			};
			name = Debug;
		};
		445DD199271C32B100B700FD /* Release */ = {
			isa = XCBuildConfiguration;
			buildSettings = {
				ALWAYS_SEARCH_USER_PATHS = NO;
				CLANG_ANALYZER_NONNULL = YES;
				CLANG_ANALYZER_NUMBER_OBJECT_CONVERSION = YES_AGGRESSIVE;
				CLANG_CXX_LANGUAGE_STANDARD = "gnu++14";
				CLANG_CXX_LIBRARY = "libc++";
				CLANG_ENABLE_MODULES = YES;
				CLANG_ENABLE_OBJC_ARC = YES;
				CLANG_ENABLE_OBJC_WEAK = YES;
				CLANG_WARN_BLOCK_CAPTURE_AUTORELEASING = YES;
				CLANG_WARN_BOOL_CONVERSION = YES;
				CLANG_WARN_COMMA = YES;
				CLANG_WARN_CONSTANT_CONVERSION = YES;
				CLANG_WARN_DEPRECATED_OBJC_IMPLEMENTATIONS = YES;
				CLANG_WARN_DIRECT_OBJC_ISA_USAGE = YES_ERROR;
				CLANG_WARN_DOCUMENTATION_COMMENTS = YES;
				CLANG_WARN_EMPTY_BODY = YES;
				CLANG_WARN_ENUM_CONVERSION = YES;
				CLANG_WARN_INFINITE_RECURSION = YES;
				CLANG_WARN_INT_CONVERSION = YES;
				CLANG_WARN_NON_LITERAL_NULL_CONVERSION = YES;
				CLANG_WARN_OBJC_IMPLICIT_RETAIN_SELF = YES;
				CLANG_WARN_OBJC_LITERAL_CONVERSION = YES;
				CLANG_WARN_OBJC_ROOT_CLASS = YES_ERROR;
				CLANG_WARN_QUOTED_INCLUDE_IN_FRAMEWORK_HEADER = YES;
				CLANG_WARN_RANGE_LOOP_ANALYSIS = YES;
				CLANG_WARN_STRICT_PROTOTYPES = YES;
				CLANG_WARN_SUSPICIOUS_MOVE = YES;
				CLANG_WARN_UNGUARDED_AVAILABILITY = YES_AGGRESSIVE;
				CLANG_WARN_UNREACHABLE_CODE = YES;
				CLANG_WARN__DUPLICATE_METHOD_MATCH = YES;
				COPY_PHASE_STRIP = NO;
				DEBUG_INFORMATION_FORMAT = "dwarf-with-dsym";
				ENABLE_NS_ASSERTIONS = NO;
				ENABLE_STRICT_OBJC_MSGSEND = YES;
				GCC_C_LANGUAGE_STANDARD = gnu11;
				GCC_NO_COMMON_BLOCKS = YES;
				GCC_WARN_64_TO_32_BIT_CONVERSION = YES;
				GCC_WARN_ABOUT_RETURN_TYPE = YES_ERROR;
				GCC_WARN_UNDECLARED_SELECTOR = YES;
				GCC_WARN_UNINITIALIZED_AUTOS = YES_AGGRESSIVE;
				GCC_WARN_UNUSED_FUNCTION = YES;
				GCC_WARN_UNUSED_VARIABLE = YES;
				IPHONEOS_DEPLOYMENT_TARGET = 14.4;
				MTL_ENABLE_DEBUG_INFO = NO;
				MTL_FAST_MATH = YES;
				SDKROOT = iphoneos;
				SWIFT_COMPILATION_MODE = wholemodule;
				SWIFT_OPTIMIZATION_LEVEL = "-O";
				VALIDATE_PRODUCT = YES;
			};
			name = Release;
		};
		445DD19B271C32B100B700FD /* Debug */ = {
			isa = XCBuildConfiguration;
			buildSettings = {
				ASSETCATALOG_COMPILER_APPICON_NAME = AppIcon;
				ASSETCATALOG_COMPILER_GLOBAL_ACCENT_COLOR_NAME = AccentColor;
				CODE_SIGN_STYLE = Automatic;
				DEVELOPMENT_TEAM = 2GZCVQL39Y;
				INFOPLIST_FILE = "todo list using firebase/Info.plist";
				LD_RUNPATH_SEARCH_PATHS = (
					"$(inherited)",
					"@executable_path/Frameworks",
				);
				PRODUCT_BUNDLE_IDENTIFIER = "com.shaharyarbaig.todo-list-using-firebase";
				PRODUCT_NAME = "$(TARGET_NAME)";
				SWIFT_VERSION = 5.0;
				TARGETED_DEVICE_FAMILY = "1,2";
			};
			name = Debug;
		};
		445DD19C271C32B100B700FD /* Release */ = {
			isa = XCBuildConfiguration;
			buildSettings = {
				ASSETCATALOG_COMPILER_APPICON_NAME = AppIcon;
				ASSETCATALOG_COMPILER_GLOBAL_ACCENT_COLOR_NAME = AccentColor;
				CODE_SIGN_STYLE = Automatic;
				DEVELOPMENT_TEAM = 2GZCVQL39Y;
				INFOPLIST_FILE = "todo list using firebase/Info.plist";
				LD_RUNPATH_SEARCH_PATHS = (
					"$(inherited)",
					"@executable_path/Frameworks",
				);
				PRODUCT_BUNDLE_IDENTIFIER = "com.shaharyarbaig.todo-list-using-firebase";
				PRODUCT_NAME = "$(TARGET_NAME)";
				SWIFT_VERSION = 5.0;
				TARGETED_DEVICE_FAMILY = "1,2";
			};
			name = Release;
		};
/* End XCBuildConfiguration section */

/* Begin XCConfigurationList section */
		445DD181271C32A700B700FD /* Build configuration list for PBXProject "todo list using firebase" */ = {
			isa = XCConfigurationList;
			buildConfigurations = (
				445DD198271C32B100B700FD /* Debug */,
				445DD199271C32B100B700FD /* Release */,
			);
			defaultConfigurationIsVisible = 0;
			defaultConfigurationName = Release;
		};
		445DD19A271C32B100B700FD /* Build configuration list for PBXNativeTarget "todo list using firebase" */ = {
			isa = XCConfigurationList;
			buildConfigurations = (
				445DD19B271C32B100B700FD /* Debug */,
				445DD19C271C32B100B700FD /* Release */,
			);
			defaultConfigurationIsVisible = 0;
			defaultConfigurationName = Release;
		};
/* End XCConfigurationList section */
	};
	rootObject = 445DD17E271C32A700B700FD /* Project object */;
}
